
Microsoft Visual Studio Solution File, Format Version 12.00
# Visual Studio Version 16
VisualStudioVersion = 16.0.32802.440
MinimumVisualStudioVersion = 10.0.40219.1
Project("{FAE04EC0-301F-11D3-BF4B-00C04F79EFBC}") = "Lv1", "Lv1\Lv1.csproj", "{C2A4FFF3-ECB9-4A21-AE25-710560791E39}"
EndProject
Global
	GlobalSection(SolutionConfigurationPlatforms) = preSolution
		Debug|Any CPU = Debug|Any CPU
		Release|Any CPU = Release|Any CPU
	EndGlobalSection
	GlobalSection(ProjectConfigurationPlatforms) = postSolution
		{C2A4FFF3-ECB9-4A21-AE25-710560791E39}.Debug|Any CPU.ActiveCfg = Debug|Any CPU
		{C2A4FFF3-ECB9-4A21-AE25-710560791E39}.Debug|Any CPU.Build.0 = Debug|Any CPU
		{C2A4FFF3-ECB9-4A21-AE25-710560791E39}.Release|Any CPU.ActiveCfg = Release|Any CPU
		{C2A4FFF3-ECB9-4A21-AE25-710560791E39}.Release|Any CPU.Build.0 = Release|Any CPU
	EndGlobalSection
	GlobalSection(SolutionProperties) = preSolution
		HideSolutionNode = FALSE
	EndGlobalSection
	GlobalSection(ExtensibilityGlobals) = postSolution
		SolutionGuid = {E928D5D0-5785-4757-9C63-5165C232C504}
	EndGlobalSection
EndGlobal
